
Microsoft Visual Studio Solution File, Format Version 12.00
# Visual Studio Version 17
VisualStudioVersion = 17.7.34018.315
MinimumVisualStudioVersion = 10.0.40219.1
Project("{9A19103F-16F7-4668-BE54-9A1E7A4F7556}") = "BokhandelGBG", "BokhandelGBG.csproj", "{50B5D011-DB60-4FA2-896B-0F0A69587144}"
EndProject
Global
	GlobalSection(SolutionConfigurationPlatforms) = preSolution
		Debug|Any CPU = Debug|Any CPU
		Release|Any CPU = Release|Any CPU
	EndGlobalSection
	GlobalSection(ProjectConfigurationPlatforms) = postSolution
		{50B5D011-DB60-4FA2-896B-0F0A69587144}.Debug|Any CPU.ActiveCfg = Debug|Any CPU
		{50B5D011-DB60-4FA2-896B-0F0A69587144}.Debug|Any CPU.Build.0 = Debug|Any CPU
		{50B5D011-DB60-4FA2-896B-0F0A69587144}.Release|Any CPU.ActiveCfg = Release|Any CPU
		{50B5D011-DB60-4FA2-896B-0F0A69587144}.Release|Any CPU.Build.0 = Release|Any CPU
	EndGlobalSection
	GlobalSection(SolutionProperties) = preSolution
		HideSolutionNode = FALSE
	EndGlobalSection
	GlobalSection(ExtensibilityGlobals) = postSolution
		SolutionGuid = {338BD3BF-B032-435F-8774-8A2D030F8048}
	EndGlobalSection
EndGlobal
